
Microsoft Visual Studio Solution File, Format Version 12.00
# Visual Studio Version 16
VisualStudioVersion = 16.0.31702.278
MinimumVisualStudioVersion = 10.0.40219.1
Project("{9A19103F-16F7-4668-BE54-9A1E7A4F7556}") = "PracticaBatch4-Rus", "PracticaBatch4-Rus.csproj", "{7C44A52D-FACC-4A66-8FFB-62BAB3A54EF4}"
EndProject
Global
	GlobalSection(SolutionConfigurationPlatforms) = preSolution
		Debug|Any CPU = Debug|Any CPU
		Release|Any CPU = Release|Any CPU
	EndGlobalSection
	GlobalSection(ProjectConfigurationPlatforms) = postSolution
		{7C44A52D-FACC-4A66-8FFB-62BAB3A54EF4}.Debug|Any CPU.ActiveCfg = Debug|Any CPU
		{7C44A52D-FACC-4A66-8FFB-62BAB3A54EF4}.Debug|Any CPU.Build.0 = Debug|Any CPU
		{7C44A52D-FACC-4A66-8FFB-62BAB3A54EF4}.Release|Any CPU.ActiveCfg = Release|Any CPU
		{7C44A52D-FACC-4A66-8FFB-62BAB3A54EF4}.Release|Any CPU.Build.0 = Release|Any CPU
	EndGlobalSection
	GlobalSection(SolutionProperties) = preSolution
		HideSolutionNode = FALSE
	EndGlobalSection
	GlobalSection(ExtensibilityGlobals) = postSolution
		SolutionGuid = {BD2DA60C-8F3B-4848-91E6-433758061DB0}
	EndGlobalSection
EndGlobal
